<?xml version="1.0" encoding="utf-8"?>
<Project ToolsVersion="4.0" xmlns="http://schemas.microsoft.com/developer/msbuild/2003">
  <ItemGroup>
    <Filter Include="Source Files">
      <UniqueIdentifier>{4FC737F1-C7A5-4376-A066-2A32D752A2FF}</UniqueIdentifier>
      <Extensions>cpp;c;cc;cxx;c++;cppm;ixx;def;odl;idl;hpj;bat;asm;asmx</Extensions>
    </Filter>
    <Filter Include="Header Files">
      <UniqueIdentifier>{93995380-89BD-4b04-88EB-625FBE52EBFB}</UniqueIdentifier>
      <Extensions>h;hh;hpp;hxx;h++;hm;inl;inc;ipp;xsd</Extensions>
    </Filter>
    <Filter Include="Resource Files">
      <UniqueIdentifier>{67DA6AB6-F800-4c08-8B7A-83BB121AAD01}</UniqueIdentifier>
      <Extensions>rc;ico;cur;bmp;dlg;rc2;rct;bin;rgs;gif;jpg;jpeg;jpe;resx;tiff;tif;png;wav;mfcribbon-ms</Extensions>
    </Filter>
  </ItemGroup>
  <ItemGroup>
    <ClInclude Include="framework.h">
      <Filter>Header Files</Filter>
    </ClInclude>
    <ClInclude Include="../CalcManager/CalculatorHistory.h">
      <Filter>Header Files</Filter>
    </ClInclude>
    <ClInclude Include="../CalcManager/CalculatorManager.h">
      <Filter>Header Files</Filter>
    </ClInclude>
    <ClInclude Include="../CalcManager/CalculatorResource.h">
      <Filter>Header Files</Filter>
    </ClInclude>
    <ClInclude Include="../CalcManager/CalculatorVector.h">
      <Filter>Header Files</Filter>
    </ClInclude>
    <ClInclude Include="../CalcManager/CCalcManager.h">
      <Filter>Header Files</Filter>
    </ClInclude>
    <ClInclude Include="../CalcManager/Command.h">
      <Filter>Header Files</Filter>
    </ClInclude>
    <ClInclude Include="../CalcManager/compat.h">
      <Filter>Header Files</Filter>
    </ClInclude>
    <ClInclude Include="../CalcManager/ExpressionCommand.h">
      <Filter>Header Files</Filter>
    </ClInclude>
    <ClInclude Include="../CalcManager/ExpressionCommandInterface.h">
      <Filter>Header Files</Filter>
    </ClInclude>
    <ClInclude Include="../CalcManager/headers/CalcEngine.h">
      <Filter>Header Files</Filter>
    </ClInclude>
    <ClInclude Include="../CalcManager/headers/CalcInput.h">
      <Filter>Header Files</Filter>
    </ClInclude>
    <ClInclude Include="../CalcManager/headers/CalcUtils.h">
      <Filter>Header Files</Filter>
    </ClInclude>
    <ClInclude Include="../CalcManager/headers/CCommand.h">
      <Filter>Header Files</Filter>
    </ClInclude>
    <ClInclude Include="../CalcManager/headers/EngineStrings.h">
      <Filter>Header Files</Filter>
    </ClInclude>
    <ClInclude Include="../CalcManager/headers/History.h">
      <Filter>Header Files</Filter>
    </ClInclude>
    <ClInclude Include="../CalcManager/headers/ICalcDisplay.h">
      <Filter>Header Files</Filter>
    </ClInclude>
    <ClInclude Include="../CalcManager/headers/IHistoryDisplay.h">
      <Filter>Header Files</Filter>
    </ClInclude>
    <ClInclude Include="../CalcManager/headers/Number.h">
      <Filter>Header Files</Filter>
    </ClInclude>
    <ClInclude Include="../CalcManager/headers/RadixType.h">
      <Filter>Header Files</Filter>
    </ClInclude>
    <ClInclude Include="../CalcManager/headers/Rational.h">
      <Filter>Header Files</Filter>
    </ClInclude>
    <ClInclude Include="../CalcManager/headers/RationalMath.h">
      <Filter>Header Files</Filter>
    </ClInclude>
    <ClInclude Include="../CalcManager/pch.h">
      <Filter>Header Files</Filter>
    </ClInclude>
    <ClInclude Include="../CalcManager/Ratpack/CalcErr.h">
      <Filter>Header Files</Filter>
    </ClInclude>
    <ClInclude Include="../CalcManager/Ratpack/ratconst.h">
      <Filter>Header Files</Filter>
    </ClInclude>
    <ClInclude Include="../CalcManager/Ratpack/ratpak.h">
      <Filter>Header Files</Filter>
    </ClInclude>
  </ItemGroup>
  <ItemGroup>
    <ClCompile Include="dllmain.cpp">
      <Filter>Source Files</Filter>
    </ClCompile>
    <ClCompile Include="../CalcManager/CalculatorHistory.cpp">
      <Filter>Source Files</Filter>
    </ClCompile>
    <ClCompile Include="../CalcManager/CalculatorManager.cpp">
      <Filter>Source Files</Filter>
    </ClCompile>
    <ClCompile Include="../CalcManager/CCalcManager.cpp">
      <Filter>Source Files</Filter>
    </ClCompile>
    <ClCompile Include="../CalcManager/CEngine/calc.cpp">
      <Filter>Source Files</Filter>
    </ClCompile>
    <ClCompile Include="../CalcManager/CEngine/CalcInput.cpp">
      <Filter>Source Files</Filter>
    </ClCompile>
    <ClCompile Include="../CalcManager/CEngine/CalcUtils.cpp">
      <Filter>Source Files</Filter>
    </ClCompile>
    <ClCompile Include="../CalcManager/CEngine/History.cpp">
      <Filter>Source Files</Filter>
    </ClCompile>
    <ClCompile Include="../CalcManager/CEngine/Number.cpp">
      <Filter>Source Files</Filter>
    </ClCompile>
    <ClCompile Include="../CalcManager/CEngine/Rational.cpp">
      <Filter>Source Files</Filter>
    </ClCompile>
    <ClCompile Include="../CalcManager/CEngine/RationalMath.cpp">
      <Filter>Source Files</Filter>
    </ClCompile>
    <ClCompile Include="../CalcManager/CEngine/scicomm.cpp">
      <Filter>Source Files</Filter>
    </ClCompile>
    <ClCompile Include="../CalcManager/CEngine/scidisp.cpp">
      <Filter>Source Files</Filter>
    </ClCompile>
    <ClCompile Include="../CalcManager/CEngine/scifunc.cpp">
      <Filter>Source Files</Filter>
    </ClCompile>
    <ClCompile Include="../CalcManager/CEngine/scioper.cpp">
      <Filter>Source Files</Filter>
    </ClCompile>
    <ClCompile Include="../CalcManager/CEngine/sciset.cpp">
      <Filter>Source Files</Filter>
    </ClCompile>
    <ClCompile Include="../CalcManager/ExpressionCommand.cpp">
      <Filter>Source Files</Filter>
    </ClCompile>
    <ClCompile Include="../CalcManager/pch.cpp">
      <Filter>Source Files</Filter>
    </ClCompile>
    <ClCompile Include="../CalcManager/Ratpack/basex.cpp">
      <Filter>Source Files</Filter>
    </ClCompile>
    <ClCompile Include="../CalcManager/Ratpack/conv.cpp">
      <Filter>Source Files</Filter>
    </ClCompile>
    <ClCompile Include="../CalcManager/Ratpack/exp.cpp">
      <Filter>Source Files</Filter>
    </ClCompile>
    <ClCompile Include="../CalcManager/Ratpack/fact.cpp">
      <Filter>Source Files</Filter>
    </ClCompile>
    <ClCompile Include="../CalcManager/Ratpack/itrans.cpp">
      <Filter>Source Files</Filter>
    </ClCompile>
    <ClCompile Include="../CalcManager/Ratpack/itransh.cpp">
      <Filter>Source Files</Filter>
    </ClCompile>
    <ClCompile Include="../CalcManager/Ratpack/logic.cpp">
      <Filter>Source Files</Filter>
    </ClCompile>
    <ClCompile Include="../CalcManager/Ratpack/num.cpp">
      <Filter>Source Files</Filter>
    </ClCompile>
    <ClCompile Include="../CalcManager/Ratpack/rat.cpp">
      <Filter>Source Files</Filter>
    </ClCompile>
    <ClCompile Include="../CalcManager/Ratpack/support.cpp">
      <Filter>Source Files</Filter>
    </ClCompile>
    <ClCompile Include="../CalcManager/Ratpack/trans.cpp">
      <Filter>Source Files</Filter>
    </ClCompile>
    <ClCompile Include="../CalcManager/Ratpack/transh.cpp">
      <Filter>Source Files</Filter>
    </ClCompile>
  </ItemGroup>
</Project>